// !$*UTF8*$!
{
	archiveVersion = 1;
	classes = {
	};
	objectVersion = 46;
	objects = {

/* Begin PBXBuildFile section */
		93136FCF1F0B2C71006F513B /* ReviewViewController.swift in Sources */ = {isa = PBXBuildFile; fileRef = 93136FCE1F0B2C71006F513B /* ReviewViewController.swift */; };
		9335EE7F1EF73BA900C68722 /* AppDelegate.swift in Sources */ = {isa = PBXBuildFile; fileRef = 9335EE7E1EF73BA900C68722 /* AppDelegate.swift */; };
		9335EE811EF73BA900C68722 /* ViewController.swift in Sources */ = {isa = PBXBuildFile; fileRef = 9335EE801EF73BA900C68722 /* ViewController.swift */; };
		9335EE841EF73BA900C68722 /* Main.storyboard in Resources */ = {isa = PBXBuildFile; fileRef = 9335EE821EF73BA900C68722 /* Main.storyboard */; };
		9335EE861EF73BA900C68722 /* Assets.xcassets in Resources */ = {isa = PBXBuildFile; fileRef = 9335EE851EF73BA900C68722 /* Assets.xcassets */; };
		9335EE891EF73BA900C68722 /* LaunchScreen.storyboard in Resources */ = {isa = PBXBuildFile; fileRef = 9335EE871EF73BA900C68722 /* LaunchScreen.storyboard */; };
		9335EE911EF73EE400C68722 /* Receta.swift in Sources */ = {isa = PBXBuildFile; fileRef = 9335EE901EF73EE400C68722 /* Receta.swift */; };
		9335EE931EF752DC00C68722 /* CeldaReceta.swift in Sources */ = {isa = PBXBuildFile; fileRef = 9335EE921EF752DC00C68722 /* CeldaReceta.swift */; };
		93825B4D1F0875E100F6D0BE /* DetailViewController.swift in Sources */ = {isa = PBXBuildFile; fileRef = 93825B4C1F0875E100F6D0BE /* DetailViewController.swift */; };
		93825B4F1F0882F200F6D0BE /* RecetaDetailTableViewCell.swift in Sources */ = {isa = PBXBuildFile; fileRef = 93825B4E1F0882F200F6D0BE /* RecetaDetailTableViewCell.swift */; };
/* End PBXBuildFile section */

/* Begin PBXFileReference section */
		93136FCE1F0B2C71006F513B /* ReviewViewController.swift */ = {isa = PBXFileReference; fileEncoding = 4; lastKnownFileType = sourcecode.swift; path = ReviewViewController.swift; sourceTree = "<group>"; };
		9335EE7B1EF73BA900C68722 /* RecetasCompleto.app */ = {isa = PBXFileReference; explicitFileType = wrapper.application; includeInIndex = 0; path = RecetasCompleto.app; sourceTree = BUILT_PRODUCTS_DIR; };
		9335EE7E1EF73BA900C68722 /* AppDelegate.swift */ = {isa = PBXFileReference; lastKnownFileType = sourcecode.swift; path = AppDelegate.swift; sourceTree = "<group>"; };
		9335EE801EF73BA900C68722 /* ViewController.swift */ = {isa = PBXFileReference; lastKnownFileType = sourcecode.swift; path = ViewController.swift; sourceTree = "<group>"; };
		9335EE831EF73BA900C68722 /* Base */ = {isa = PBXFileReference; lastKnownFileType = file.storyboard; name = Base; path = Base.lproj/Main.storyboard; sourceTree = "<group>"; };
		9335EE851EF73BA900C68722 /* Assets.xcassets */ = {isa = PBXFileReference; lastKnownFileType = folder.assetcatalog; path = Assets.xcassets; sourceTree = "<group>"; };
		9335EE881EF73BA900C68722 /* Base */ = {isa = PBXFileReference; lastKnownFileType = file.storyboard; name = Base; path = Base.lproj/LaunchScreen.storyboard; sourceTree = "<group>"; };
		9335EE8A1EF73BA900C68722 /* Info.plist */ = {isa = PBXFileReference; lastKnownFileType = text.plist.xml; path = Info.plist; sourceTree = "<group>"; };
		9335EE901EF73EE400C68722 /* Receta.swift */ = {isa = PBXFileReference; fileEncoding = 4; lastKnownFileType = sourcecode.swift; path = Receta.swift; sourceTree = "<group>"; };
		9335EE921EF752DC00C68722 /* CeldaReceta.swift */ = {isa = PBXFileReference; fileEncoding = 4; lastKnownFileType = sourcecode.swift; path = CeldaReceta.swift; sourceTree = "<group>"; };
		93825B4C1F0875E100F6D0BE /* DetailViewController.swift */ = {isa = PBXFileReference; fileEncoding = 4; lastKnownFileType = sourcecode.swift; name = DetailViewController.swift; path = ../DetailViewController.swift; sourceTree = "<group>"; };
		93825B4E1F0882F200F6D0BE /* RecetaDetailTableViewCell.swift */ = {isa = PBXFileReference; fileEncoding = 4; lastKnownFileType = sourcecode.swift; path = RecetaDetailTableViewCell.swift; sourceTree = "<group>"; };
/* End PBXFileReference section */

/* Begin PBXFrameworksBuildPhase section */
		9335EE781EF73BA900C68722 /* Frameworks */ = {
			isa = PBXFrameworksBuildPhase;
			buildActionMask = 2147483647;
			files = (
			);
			runOnlyForDeploymentPostprocessing = 0;
		};
/* End PBXFrameworksBuildPhase section */

/* Begin PBXGroup section */
		9335EE721EF73BA900C68722 = {
			isa = PBXGroup;
			children = (
				9335EE7D1EF73BA900C68722 /* RecetasCompleto */,
				9335EE7C1EF73BA900C68722 /* Products */,
			);
			sourceTree = "<group>";
		};
		9335EE7C1EF73BA900C68722 /* Products */ = {
			isa = PBXGroup;
			children = (
				9335EE7B1EF73BA900C68722 /* RecetasCompleto.app */,
			);
			name = Products;
			sourceTree = "<group>";
		};
		9335EE7D1EF73BA900C68722 /* RecetasCompleto */ = {
			isa = PBXGroup;
			children = (
				9335EE7E1EF73BA900C68722 /* AppDelegate.swift */,
				9335EE801EF73BA900C68722 /* ViewController.swift */,
				9335EE921EF752DC00C68722 /* CeldaReceta.swift */,
				93825B4E1F0882F200F6D0BE /* RecetaDetailTableViewCell.swift */,
				93825B4C1F0875E100F6D0BE /* DetailViewController.swift */,
				9335EE901EF73EE400C68722 /* Receta.swift */,
				9335EE821EF73BA900C68722 /* Main.storyboard */,
				93136FCE1F0B2C71006F513B /* ReviewViewController.swift */,
				9335EE851EF73BA900C68722 /* Assets.xcassets */,
				9335EE871EF73BA900C68722 /* LaunchScreen.storyboard */,
				9335EE8A1EF73BA900C68722 /* Info.plist */,
			);
			path = RecetasCompleto;
			sourceTree = "<group>";
		};
/* End PBXGroup section */

/* Begin PBXNativeTarget section */
		9335EE7A1EF73BA900C68722 /* RecetasCompleto */ = {
			isa = PBXNativeTarget;
			buildConfigurationList = 9335EE8D1EF73BA900C68722 /* Build configuration list for PBXNativeTarget "RecetasCompleto" */;
			buildPhases = (
				9335EE771EF73BA900C68722 /* Sources */,
				9335EE781EF73BA900C68722 /* Frameworks */,
				9335EE791EF73BA900C68722 /* Resources */,
			);
			buildRules = (
			);
			dependencies = (
			);
			name = RecetasCompleto;
			productName = RecetasCompleto;
			productReference = 9335EE7B1EF73BA900C68722 /* RecetasCompleto.app */;
			productType = "com.apple.product-type.application";
		};
/* End PBXNativeTarget section */

/* Begin PBXProject section */
		9335EE731EF73BA900C68722 /* Project object */ = {
			isa = PBXProject;
			attributes = {
				LastSwiftUpdateCheck = 0830;
				LastUpgradeCheck = 0830;
				ORGANIZATIONNAME = "Jorge MR";
				TargetAttributes = {
					9335EE7A1EF73BA900C68722 = {
						CreatedOnToolsVersion = 8.3.3;
						DevelopmentTeam = C7TWJET8M7;
						ProvisioningStyle = Automatic;
					};
				};
			};
			buildConfigurationList = 9335EE761EF73BA900C68722 /* Build configuration list for PBXProject "RecetasCompleto" */;
			compatibilityVersion = "Xcode 3.2";
			developmentRegion = English;
			hasScannedForEncodings = 0;
			knownRegions = (
				en,
				Base,
			);
			mainGroup = 9335EE721EF73BA900C68722;
			productRefGroup = 9335EE7C1EF73BA900C68722 /* Products */;
			projectDirPath = "";
			projectRoot = "";
			targets = (
				9335EE7A1EF73BA900C68722 /* RecetasCompleto */,
			);
		};
/* End PBXProject section */

/* Begin PBXResourcesBuildPhase section */
		9335EE791EF73BA900C68722 /* Resources */ = {
			isa = PBXResourcesBuildPhase;
			buildActionMask = 2147483647;
			files = (
				9335EE891EF73BA900C68722 /* LaunchScreen.storyboard in Resources */,
				9335EE861EF73BA900C68722 /* Assets.xcassets in Resources */,
				9335EE841EF73BA900C68722 /* Main.storyboard in Resources */,
			);
			runOnlyForDeploymentPostprocessing = 0;
		};
/* End PBXResourcesBuildPhase section */

/* Begin PBXSourcesBuildPhase section */
		9335EE771EF73BA900C68722 /* Sources */ = {
			isa = PBXSourcesBuildPhase;
			buildActionMask = 2147483647;
			files = (
				93825B4F1F0882F200F6D0BE /* RecetaDetailTableViewCell.swift in Sources */,
				9335EE911EF73EE400C68722 /* Receta.swift in Sources */,
				93136FCF1F0B2C71006F513B /* ReviewViewController.swift in Sources */,
				9335EE931EF752DC00C68722 /* CeldaReceta.swift in Sources */,
				93825B4D1F0875E100F6D0BE /* DetailViewController.swift in Sources */,
				9335EE811EF73BA900C68722 /* ViewController.swift in Sources */,
				9335EE7F1EF73BA900C68722 /* AppDelegate.swift in Sources */,
			);
			runOnlyForDeploymentPostprocessing = 0;
		};
/* End PBXSourcesBuildPhase section */

/* Begin PBXVariantGroup section */
		9335EE821EF73BA900C68722 /* Main.storyboard */ = {
			isa = PBXVariantGroup;
			children = (
				9335EE831EF73BA900C68722 /* Base */,
			);
			name = Main.storyboard;
			sourceTree = "<group>";
		};
		9335EE871EF73BA900C68722 /* LaunchScreen.storyboard */ = {
			isa = PBXVariantGroup;
			children = (
				9335EE881EF73BA900C68722 /* Base */,
			);
			name = LaunchScreen.storyboard;
			sourceTree = "<group>";
		};
/* End PBXVariantGroup section */

/* Begin XCBuildConfiguration section */
		9335EE8B1EF73BA900C68722 /* Debug */ = {
			isa = XCBuildConfiguration;
			buildSettings = {
				ALWAYS_SEARCH_USER_PATHS = NO;
				CLANG_ANALYZER_NONNULL = YES;
				CLANG_ANALYZER_NUMBER_OBJECT_CONVERSION = YES_AGGRESSIVE;
				CLANG_CXX_LANGUAGE_STANDARD = "gnu++0x";
				CLANG_CXX_LIBRARY = "libc++";
				CLANG_ENABLE_MODULES = YES;
				CLANG_ENABLE_OBJC_ARC = YES;
				CLANG_WARN_BOOL_CONVERSION = YES;
				CLANG_WARN_CONSTANT_CONVERSION = YES;
				CLANG_WARN_DIRECT_OBJC_ISA_USAGE = YES_ERROR;
				CLANG_WARN_DOCUMENTATION_COMMENTS = YES;
				CLANG_WARN_EMPTY_BODY = YES;
				CLANG_WARN_ENUM_CONVERSION = YES;
				CLANG_WARN_INFINITE_RECURSION = YES;
				CLANG_WARN_INT_CONVERSION = YES;
				CLANG_WARN_OBJC_ROOT_CLASS = YES_ERROR;
				CLANG_WARN_SUSPICIOUS_MOVE = YES;
				CLANG_WARN_UNREACHABLE_CODE = YES;
				CLANG_WARN__DUPLICATE_METHOD_MATCH = YES;
				"CODE_SIGN_IDENTITY[sdk=iphoneos*]" = "iPhone Developer";
				COPY_PHASE_STRIP = NO;
				DEBUG_INFORMATION_FORMAT = dwarf;
				ENABLE_STRICT_OBJC_MSGSEND = YES;
				ENABLE_TESTABILITY = YES;
				GCC_C_LANGUAGE_STANDARD = gnu99;
				GCC_DYNAMIC_NO_PIC = NO;
				GCC_NO_COMMON_BLOCKS = YES;
				GCC_OPTIMIZATION_LEVEL = 0;
				GCC_PREPROCESSOR_DEFINITIONS = (
					"DEBUG=1",
					"$(inherited)",
				);
				GCC_WARN_64_TO_32_BIT_CONVERSION = YES;
				GCC_WARN_ABOUT_RETURN_TYPE = YES_ERROR;
				GCC_WARN_UNDECLARED_SELECTOR = YES;
				GCC_WARN_UNINITIALIZED_AUTOS = YES_AGGRESSIVE;
				GCC_WARN_UNUSED_FUNCTION = YES;
				GCC_WARN_UNUSED_VARIABLE = YES;
				IPHONEOS_DEPLOYMENT_TARGET = 10.3;
				MTL_ENABLE_DEBUG_INFO = YES;
				ONLY_ACTIVE_ARCH = YES;
				SDKROOT = iphoneos;
				SWIFT_ACTIVE_COMPILATION_CONDITIONS = DEBUG;
				SWIFT_OPTIMIZATION_LEVEL = "-Onone";
				TARGETED_DEVICE_FAMILY = "1,2";
			};
			name = Debug;
		};
		9335EE8C1EF73BA900C68722 /* Release */ = {
			isa = XCBuildConfiguration;
			buildSettings = {
				ALWAYS_SEARCH_USER_PATHS = NO;
				CLANG_ANALYZER_NONNULL = YES;
				CLANG_ANALYZER_NUMBER_OBJECT_CONVERSION = YES_AGGRESSIVE;
				CLANG_CXX_LANGUAGE_STANDARD = "gnu++0x";
				CLANG_CXX_LIBRARY = "libc++";
				CLANG_ENABLE_MODULES = YES;
				CLANG_ENABLE_OBJC_ARC = YES;
				CLANG_WARN_BOOL_CONVERSION = YES;
				CLANG_WARN_CONSTANT_CONVERSION = YES;
				CLANG_WARN_DIRECT_OBJC_ISA_USAGE = YES_ERROR;
				CLANG_WARN_DOCUMENTATION_COMMENTS = YES;
				CLANG_WARN_EMPTY_BODY = YES;
				CLANG_WARN_ENUM_CONVERSION = YES;
				CLANG_WARN_INFINITE_RECURSION = YES;
				CLANG_WARN_INT_CONVERSION = YES;
				CLANG_WARN_OBJC_ROOT_CLASS = YES_ERROR;
				CLANG_WARN_SUSPICIOUS_MOVE = YES;
				CLANG_WARN_UNREACHABLE_CODE = YES;
				CLANG_WARN__DUPLICATE_METHOD_MATCH = YES;
				"CODE_SIGN_IDENTITY[sdk=iphoneos*]" = "iPhone Developer";
				COPY_PHASE_STRIP = NO;
				DEBUG_INFORMATION_FORMAT = "dwarf-with-dsym";
				ENABLE_NS_ASSERTIONS = NO;
				ENABLE_STRICT_OBJC_MSGSEND = YES;
				GCC_C_LANGUAGE_STANDARD = gnu99;
				GCC_NO_COMMON_BLOCKS = YES;
				GCC_WARN_64_TO_32_BIT_CONVERSION = YES;
				GCC_WARN_ABOUT_RETURN_TYPE = YES_ERROR;
				GCC_WARN_UNDECLARED_SELECTOR = YES;
				GCC_WARN_UNINITIALIZED_AUTOS = YES_AGGRESSIVE;
				GCC_WARN_UNUSED_FUNCTION = YES;
				GCC_WARN_UNUSED_VARIABLE = YES;
				IPHONEOS_DEPLOYMENT_TARGET = 10.3;
				MTL_ENABLE_DEBUG_INFO = NO;
				SDKROOT = iphoneos;
				SWIFT_OPTIMIZATION_LEVEL = "-Owholemodule";
				TARGETED_DEVICE_FAMILY = "1,2";
				VALIDATE_PRODUCT = YES;
			};
			name = Release;
		};
		9335EE8E1EF73BA900C68722 /* Debug */ = {
			isa = XCBuildConfiguration;
			buildSettings = {
				ASSETCATALOG_COMPILER_APPICON_NAME = AppIcon;
				DEVELOPMENT_TEAM = C7TWJET8M7;
				INFOPLIST_FILE = RecetasCompleto/Info.plist;
				LD_RUNPATH_SEARCH_PATHS = "$(inherited) @executable_path/Frameworks";
				PRODUCT_BUNDLE_IDENTIFIER = "jorge-mr.RecetasCompleto";
				PRODUCT_NAME = "$(TARGET_NAME)";
				SWIFT_VERSION = 3.0;
			};
			name = Debug;
		};
		9335EE8F1EF73BA900C68722 /* Release */ = {
			isa = XCBuildConfiguration;
			buildSettings = {
				ASSETCATALOG_COMPILER_APPICON_NAME = AppIcon;
				DEVELOPMENT_TEAM = C7TWJET8M7;
				INFOPLIST_FILE = RecetasCompleto/Info.plist;
				LD_RUNPATH_SEARCH_PATHS = "$(inherited) @executable_path/Frameworks";
				PRODUCT_BUNDLE_IDENTIFIER = "jorge-mr.RecetasCompleto";
				PRODUCT_NAME = "$(TARGET_NAME)";
				SWIFT_VERSION = 3.0;
			};
			name = Release;
		};
/* End XCBuildConfiguration section */

/* Begin XCConfigurationList section */
		9335EE761EF73BA900C68722 /* Build configuration list for PBXProject "RecetasCompleto" */ = {
			isa = XCConfigurationList;
			buildConfigurations = (
				9335EE8B1EF73BA900C68722 /* Debug */,
				9335EE8C1EF73BA900C68722 /* Release */,
			);
			defaultConfigurationIsVisible = 0;
			defaultConfigurationName = Release;
		};
		9335EE8D1EF73BA900C68722 /* Build configuration list for PBXNativeTarget "RecetasCompleto" */ = {
			isa = XCConfigurationList;
			buildConfigurations = (
				9335EE8E1EF73BA900C68722 /* Debug */,
				9335EE8F1EF73BA900C68722 /* Release */,
			);
			defaultConfigurationIsVisible = 0;
			defaultConfigurationName = Release;
		};
/* End XCConfigurationList section */
	};
	rootObject = 9335EE731EF73BA900C68722 /* Project object */;
}
